// !$*UTF8*$!
{
	archiveVersion = 1;
	classes = {
	};
	objectVersion = 48;
	objects = {

/* Begin PBXBuildFile section */
		382F83F71FF2222F00BA363E /* AppDelegate.swift in Sources */ = {isa = PBXBuildFile; fileRef = 382F83F61FF2222F00BA363E /* AppDelegate.swift */; };
		382F83F91FF2222F00BA363E /* ViewController.swift in Sources */ = {isa = PBXBuildFile; fileRef = 382F83F81FF2222F00BA363E /* ViewController.swift */; };
		382F83FC1FF2222F00BA363E /* Main.storyboard in Resources */ = {isa = PBXBuildFile; fileRef = 382F83FA1FF2222F00BA363E /* Main.storyboard */; };
		382F83FE1FF2222F00BA363E /* Assets.xcassets in Resources */ = {isa = PBXBuildFile; fileRef = 382F83FD1FF2222F00BA363E /* Assets.xcassets */; };
		382F84011FF2222F00BA363E /* LaunchScreen.storyboard in Resources */ = {isa = PBXBuildFile; fileRef = 382F83FF1FF2222F00BA363E /* LaunchScreen.storyboard */; };
		382F840C1FF2222F00BA363E /* Unnamed_New_ProjectTests.swift in Sources */ = {isa = PBXBuildFile; fileRef = 382F840B1FF2222F00BA363E /* Unnamed_New_ProjectTests.swift */; };
		3857EBB01FF4CE7A001DE825 /* SQLite.framework in Frameworks */ = {isa = PBXBuildFile; fileRef = 3857EBAE1FF4CE3B001DE825 /* SQLite.framework */; };
		3857EBB11FF4CE7A001DE825 /* SQLite.framework in Embed Frameworks */ = {isa = PBXBuildFile; fileRef = 3857EBAE1FF4CE3B001DE825 /* SQLite.framework */; settings = {ATTRIBUTES = (CodeSignOnCopy, RemoveHeadersOnCopy, ); }; };
		38FE56F51FF40E4B00824CD8 /* DatabaseFunctions.swift in Sources */ = {isa = PBXBuildFile; fileRef = 38FE56F41FF40E4B00824CD8 /* DatabaseFunctions.swift */; };
/* End PBXBuildFile section */

/* Begin PBXContainerItemProxy section */
		382F84081FF2222F00BA363E /* PBXContainerItemProxy */ = {
			isa = PBXContainerItemProxy;
			containerPortal = 382F83EB1FF2222F00BA363E /* Project object */;
			proxyType = 1;
			remoteGlobalIDString = 382F83F21FF2222F00BA363E;
			remoteInfo = "Unnamed-New-Project";
		};
/* End PBXContainerItemProxy section */

/* Begin PBXCopyFilesBuildPhase section */
		3857EBB21FF4CE7A001DE825 /* Embed Frameworks */ = {
			isa = PBXCopyFilesBuildPhase;
			buildActionMask = 2147483647;
			dstPath = "";
			dstSubfolderSpec = 10;
			files = (
				3857EBB11FF4CE7A001DE825 /* SQLite.framework in Embed Frameworks */,
			);
			name = "Embed Frameworks";
			runOnlyForDeploymentPostprocessing = 0;
		};
/* End PBXCopyFilesBuildPhase section */

/* Begin PBXFileReference section */
		382F83F31FF2222F00BA363E /* Unnamed-New-Project.app */ = {isa = PBXFileReference; explicitFileType = wrapper.application; includeInIndex = 0; path = "Unnamed-New-Project.app"; sourceTree = BUILT_PRODUCTS_DIR; };
		382F83F61FF2222F00BA363E /* AppDelegate.swift */ = {isa = PBXFileReference; lastKnownFileType = sourcecode.swift; path = AppDelegate.swift; sourceTree = "<group>"; };
		382F83F81FF2222F00BA363E /* ViewController.swift */ = {isa = PBXFileReference; lastKnownFileType = sourcecode.swift; path = ViewController.swift; sourceTree = "<group>"; };
		382F83FB1FF2222F00BA363E /* Base */ = {isa = PBXFileReference; lastKnownFileType = file.storyboard; name = Base; path = Base.lproj/Main.storyboard; sourceTree = "<group>"; };
		382F83FD1FF2222F00BA363E /* Assets.xcassets */ = {isa = PBXFileReference; lastKnownFileType = folder.assetcatalog; path = Assets.xcassets; sourceTree = "<group>"; };
		382F84001FF2222F00BA363E /* Base */ = {isa = PBXFileReference; lastKnownFileType = file.storyboard; name = Base; path = Base.lproj/LaunchScreen.storyboard; sourceTree = "<group>"; };
		382F84021FF2222F00BA363E /* Info.plist */ = {isa = PBXFileReference; lastKnownFileType = text.plist.xml; path = Info.plist; sourceTree = "<group>"; };
		382F84071FF2222F00BA363E /* Unnamed-New-ProjectTests.xctest */ = {isa = PBXFileReference; explicitFileType = wrapper.cfbundle; includeInIndex = 0; path = "Unnamed-New-ProjectTests.xctest"; sourceTree = BUILT_PRODUCTS_DIR; };
		382F840B1FF2222F00BA363E /* Unnamed_New_ProjectTests.swift */ = {isa = PBXFileReference; lastKnownFileType = sourcecode.swift; path = Unnamed_New_ProjectTests.swift; sourceTree = "<group>"; };
		382F840D1FF2222F00BA363E /* Info.plist */ = {isa = PBXFileReference; lastKnownFileType = text.plist.xml; path = Info.plist; sourceTree = "<group>"; };
		3857EBAE1FF4CE3B001DE825 /* SQLite.framework */ = {isa = PBXFileReference; lastKnownFileType = wrapper.framework; name = SQLite.framework; path = Carthage/Build/iOS/SQLite.framework; sourceTree = "<group>"; };
		38FE56F41FF40E4B00824CD8 /* DatabaseFunctions.swift */ = {isa = PBXFileReference; lastKnownFileType = sourcecode.swift; path = DatabaseFunctions.swift; sourceTree = "<group>"; };
/* End PBXFileReference section */

/* Begin PBXFrameworksBuildPhase section */
		382F83F01FF2222F00BA363E /* Frameworks */ = {
			isa = PBXFrameworksBuildPhase;
			buildActionMask = 2147483647;
			files = (
				3857EBB01FF4CE7A001DE825 /* SQLite.framework in Frameworks */,
			);
			runOnlyForDeploymentPostprocessing = 0;
		};
		382F84041FF2222F00BA363E /* Frameworks */ = {
			isa = PBXFrameworksBuildPhase;
			buildActionMask = 2147483647;
			files = (
			);
			runOnlyForDeploymentPostprocessing = 0;
		};
/* End PBXFrameworksBuildPhase section */

/* Begin PBXGroup section */
		382F83EA1FF2222F00BA363E = {
			isa = PBXGroup;
			children = (
				382F83F51FF2222F00BA363E /* Unnamed-New-Project */,
				382F840A1FF2222F00BA363E /* Unnamed-New-ProjectTests */,
				382F83F41FF2222F00BA363E /* Products */,
				3857EBAD1FF4CE3B001DE825 /* Frameworks */,
			);
			sourceTree = "<group>";
		};
		382F83F41FF2222F00BA363E /* Products */ = {
			isa = PBXGroup;
			children = (
				382F83F31FF2222F00BA363E /* Unnamed-New-Project.app */,
				382F84071FF2222F00BA363E /* Unnamed-New-ProjectTests.xctest */,
			);
			name = Products;
			sourceTree = "<group>";
		};
		382F83F51FF2222F00BA363E /* Unnamed-New-Project */ = {
			isa = PBXGroup;
			children = (
				382F83FA1FF2222F00BA363E /* Main.storyboard */,
				382F841D1FF226BC00BA363E /* Models */,
				3857EBB51FF4D628001DE825 /* Views */,
				3857EBB61FF4D640001DE825 /* Controllers */,
				382F83FD1FF2222F00BA363E /* Assets.xcassets */,
				382F83FF1FF2222F00BA363E /* LaunchScreen.storyboard */,
				382F84021FF2222F00BA363E /* Info.plist */,
			);
			path = "Unnamed-New-Project";
			sourceTree = "<group>";
		};
		382F840A1FF2222F00BA363E /* Unnamed-New-ProjectTests */ = {
			isa = PBXGroup;
			children = (
				382F840B1FF2222F00BA363E /* Unnamed_New_ProjectTests.swift */,
				382F840D1FF2222F00BA363E /* Info.plist */,
			);
			path = "Unnamed-New-ProjectTests";
			sourceTree = "<group>";
		};
		382F841D1FF226BC00BA363E /* Models */ = {
			isa = PBXGroup;
			children = (
				38FE56F41FF40E4B00824CD8 /* DatabaseFunctions.swift */,
				382F83F61FF2222F00BA363E /* AppDelegate.swift */,
			);
			path = Models;
			sourceTree = "<group>";
		};
		3857EBAD1FF4CE3B001DE825 /* Frameworks */ = {
			isa = PBXGroup;
			children = (
				3857EBAE1FF4CE3B001DE825 /* SQLite.framework */,
			);
			name = Frameworks;
			sourceTree = "<group>";
		};
		3857EBB51FF4D628001DE825 /* Views */ = {
			isa = PBXGroup;
			children = (
			);
			path = Views;
			sourceTree = "<group>";
		};
		3857EBB61FF4D640001DE825 /* Controllers */ = {
			isa = PBXGroup;
			children = (
				382F83F81FF2222F00BA363E /* ViewController.swift */,
			);
			path = Controllers;
			sourceTree = "<group>";
		};
/* End PBXGroup section */

/* Begin PBXNativeTarget section */
		382F83F21FF2222F00BA363E /* Unnamed-New-Project */ = {
			isa = PBXNativeTarget;
			buildConfigurationList = 382F84101FF2222F00BA363E /* Build configuration list for PBXNativeTarget "Unnamed-New-Project" */;
			buildPhases = (
				382F83EF1FF2222F00BA363E /* Sources */,
				382F83F01FF2222F00BA363E /* Frameworks */,
				382F83F11FF2222F00BA363E /* Resources */,
				3857EBB21FF4CE7A001DE825 /* Embed Frameworks */,
			);
			buildRules = (
			);
			dependencies = (
			);
			name = "Unnamed-New-Project";
			productName = "Unnamed-New-Project";
			productReference = 382F83F31FF2222F00BA363E /* Unnamed-New-Project.app */;
			productType = "com.apple.product-type.application";
		};
		382F84061FF2222F00BA363E /* Unnamed-New-ProjectTests */ = {
			isa = PBXNativeTarget;
			buildConfigurationList = 382F84131FF2222F00BA363E /* Build configuration list for PBXNativeTarget "Unnamed-New-ProjectTests" */;
			buildPhases = (
				382F84031FF2222F00BA363E /* Sources */,
				382F84041FF2222F00BA363E /* Frameworks */,
				382F84051FF2222F00BA363E /* Resources */,
			);
			buildRules = (
			);
			dependencies = (
				382F84091FF2222F00BA363E /* PBXTargetDependency */,
			);
			name = "Unnamed-New-ProjectTests";
			productName = "Unnamed-New-ProjectTests";
			productReference = 382F84071FF2222F00BA363E /* Unnamed-New-ProjectTests.xctest */;
			productType = "com.apple.product-type.bundle.unit-test";
		};
/* End PBXNativeTarget section */

/* Begin PBXProject section */
		382F83EB1FF2222F00BA363E /* Project object */ = {
			isa = PBXProject;
			attributes = {
				LastSwiftUpdateCheck = 0920;
				LastUpgradeCheck = 0920;
				ORGANIZATIONNAME = "Aanya Jhaveri";
				TargetAttributes = {
					382F83F21FF2222F00BA363E = {
						CreatedOnToolsVersion = 9.2;
						ProvisioningStyle = Automatic;
					};
					382F84061FF2222F00BA363E = {
						CreatedOnToolsVersion = 9.2;
						ProvisioningStyle = Automatic;
						TestTargetID = 382F83F21FF2222F00BA363E;
					};
				};
			};
			buildConfigurationList = 382F83EE1FF2222F00BA363E /* Build configuration list for PBXProject "Unnamed-New-Project" */;
			compatibilityVersion = "Xcode 8.0";
			developmentRegion = en;
			hasScannedForEncodings = 0;
			knownRegions = (
				en,
				Base,
			);
			mainGroup = 382F83EA1FF2222F00BA363E;
			productRefGroup = 382F83F41FF2222F00BA363E /* Products */;
			projectDirPath = "";
			projectRoot = "";
			targets = (
				382F83F21FF2222F00BA363E /* Unnamed-New-Project */,
				382F84061FF2222F00BA363E /* Unnamed-New-ProjectTests */,
			);
		};
/* End PBXProject section */

/* Begin PBXResourcesBuildPhase section */
		382F83F11FF2222F00BA363E /* Resources */ = {
			isa = PBXResourcesBuildPhase;
			buildActionMask = 2147483647;
			files = (
				382F84011FF2222F00BA363E /* LaunchScreen.storyboard in Resources */,
				382F83FE1FF2222F00BA363E /* Assets.xcassets in Resources */,
				382F83FC1FF2222F00BA363E /* Main.storyboard in Resources */,
			);
			runOnlyForDeploymentPostprocessing = 0;
		};
		382F84051FF2222F00BA363E /* Resources */ = {
			isa = PBXResourcesBuildPhase;
			buildActionMask = 2147483647;
			files = (
			);
			runOnlyForDeploymentPostprocessing = 0;
		};
/* End PBXResourcesBuildPhase section */

/* Begin PBXSourcesBuildPhase section */
		382F83EF1FF2222F00BA363E /* Sources */ = {
			isa = PBXSourcesBuildPhase;
			buildActionMask = 2147483647;
			files = (
				382F83F91FF2222F00BA363E /* ViewController.swift in Sources */,
				38FE56F51FF40E4B00824CD8 /* DatabaseFunctions.swift in Sources */,
				382F83F71FF2222F00BA363E /* AppDelegate.swift in Sources */,
			);
			runOnlyForDeploymentPostprocessing = 0;
		};
		382F84031FF2222F00BA363E /* Sources */ = {
			isa = PBXSourcesBuildPhase;
			buildActionMask = 2147483647;
			files = (
				382F840C1FF2222F00BA363E /* Unnamed_New_ProjectTests.swift in Sources */,
			);
			runOnlyForDeploymentPostprocessing = 0;
		};
/* End PBXSourcesBuildPhase section */

/* Begin PBXTargetDependency section */
		382F84091FF2222F00BA363E /* PBXTargetDependency */ = {
			isa = PBXTargetDependency;
			target = 382F83F21FF2222F00BA363E /* Unnamed-New-Project */;
			targetProxy = 382F84081FF2222F00BA363E /* PBXContainerItemProxy */;
		};
/* End PBXTargetDependency section */

/* Begin PBXVariantGroup section */
		382F83FA1FF2222F00BA363E /* Main.storyboard */ = {
			isa = PBXVariantGroup;
			children = (
				382F83FB1FF2222F00BA363E /* Base */,
			);
			name = Main.storyboard;
			sourceTree = "<group>";
		};
		382F83FF1FF2222F00BA363E /* LaunchScreen.storyboard */ = {
			isa = PBXVariantGroup;
			children = (
				382F84001FF2222F00BA363E /* Base */,
			);
			name = LaunchScreen.storyboard;
			sourceTree = "<group>";
		};
/* End PBXVariantGroup section */

/* Begin XCBuildConfiguration section */
		382F840E1FF2222F00BA363E /* Debug */ = {
			isa = XCBuildConfiguration;
			buildSettings = {
				ALWAYS_SEARCH_USER_PATHS = NO;
				CLANG_ANALYZER_NONNULL = YES;
				CLANG_ANALYZER_NUMBER_OBJECT_CONVERSION = YES_AGGRESSIVE;
				CLANG_CXX_LANGUAGE_STANDARD = "gnu++14";
				CLANG_CXX_LIBRARY = "libc++";
				CLANG_ENABLE_MODULES = YES;
				CLANG_ENABLE_OBJC_ARC = YES;
				CLANG_WARN_BLOCK_CAPTURE_AUTORELEASING = YES;
				CLANG_WARN_BOOL_CONVERSION = YES;
				CLANG_WARN_COMMA = YES;
				CLANG_WARN_CONSTANT_CONVERSION = YES;
				CLANG_WARN_DIRECT_OBJC_ISA_USAGE = YES_ERROR;
				CLANG_WARN_DOCUMENTATION_COMMENTS = YES;
				CLANG_WARN_EMPTY_BODY = YES;
				CLANG_WARN_ENUM_CONVERSION = YES;
				CLANG_WARN_INFINITE_RECURSION = YES;
				CLANG_WARN_INT_CONVERSION = YES;
				CLANG_WARN_NON_LITERAL_NULL_CONVERSION = YES;
				CLANG_WARN_OBJC_LITERAL_CONVERSION = YES;
				CLANG_WARN_OBJC_ROOT_CLASS = YES_ERROR;
				CLANG_WARN_RANGE_LOOP_ANALYSIS = YES;
				CLANG_WARN_STRICT_PROTOTYPES = YES;
				CLANG_WARN_SUSPICIOUS_MOVE = YES;
				CLANG_WARN_UNGUARDED_AVAILABILITY = YES_AGGRESSIVE;
				CLANG_WARN_UNREACHABLE_CODE = YES;
				CLANG_WARN__DUPLICATE_METHOD_MATCH = YES;
				CODE_SIGN_IDENTITY = "iPhone Developer";
				COPY_PHASE_STRIP = NO;
				DEBUG_INFORMATION_FORMAT = dwarf;
				ENABLE_STRICT_OBJC_MSGSEND = YES;
				ENABLE_TESTABILITY = YES;
				GCC_C_LANGUAGE_STANDARD = gnu11;
				GCC_DYNAMIC_NO_PIC = NO;
				GCC_NO_COMMON_BLOCKS = YES;
				GCC_OPTIMIZATION_LEVEL = 0;
				GCC_PREPROCESSOR_DEFINITIONS = (
					"DEBUG=1",
					"$(inherited)",
				);
				GCC_WARN_64_TO_32_BIT_CONVERSION = YES;
				GCC_WARN_ABOUT_RETURN_TYPE = YES_ERROR;
				GCC_WARN_UNDECLARED_SELECTOR = YES;
				GCC_WARN_UNINITIALIZED_AUTOS = YES_AGGRESSIVE;
				GCC_WARN_UNUSED_FUNCTION = YES;
				GCC_WARN_UNUSED_VARIABLE = YES;
				IPHONEOS_DEPLOYMENT_TARGET = 11.2;
				MTL_ENABLE_DEBUG_INFO = YES;
				ONLY_ACTIVE_ARCH = YES;
				SDKROOT = iphoneos;
				SWIFT_ACTIVE_COMPILATION_CONDITIONS = DEBUG;
				SWIFT_OPTIMIZATION_LEVEL = "-Onone";
			};
			name = Debug;
		};
		382F840F1FF2222F00BA363E /* Release */ = {
			isa = XCBuildConfiguration;
			buildSettings = {
				ALWAYS_SEARCH_USER_PATHS = NO;
				CLANG_ANALYZER_NONNULL = YES;
				CLANG_ANALYZER_NUMBER_OBJECT_CONVERSION = YES_AGGRESSIVE;
				CLANG_CXX_LANGUAGE_STANDARD = "gnu++14";
				CLANG_CXX_LIBRARY = "libc++";
				CLANG_ENABLE_MODULES = YES;
				CLANG_ENABLE_OBJC_ARC = YES;
				CLANG_WARN_BLOCK_CAPTURE_AUTORELEASING = YES;
				CLANG_WARN_BOOL_CONVERSION = YES;
				CLANG_WARN_COMMA = YES;
				CLANG_WARN_CONSTANT_CONVERSION = YES;
				CLANG_WARN_DIRECT_OBJC_ISA_USAGE = YES_ERROR;
				CLANG_WARN_DOCUMENTATION_COMMENTS = YES;
				CLANG_WARN_EMPTY_BODY = YES;
				CLANG_WARN_ENUM_CONVERSION = YES;
				CLANG_WARN_INFINITE_RECURSION = YES;
				CLANG_WARN_INT_CONVERSION = YES;
				CLANG_WARN_NON_LITERAL_NULL_CONVERSION = YES;
				CLANG_WARN_OBJC_LITERAL_CONVERSION = YES;
				CLANG_WARN_OBJC_ROOT_CLASS = YES_ERROR;
				CLANG_WARN_RANGE_LOOP_ANALYSIS = YES;
				CLANG_WARN_STRICT_PROTOTYPES = YES;
				CLANG_WARN_SUSPICIOUS_MOVE = YES;
				CLANG_WARN_UNGUARDED_AVAILABILITY = YES_AGGRESSIVE;
				CLANG_WARN_UNREACHABLE_CODE = YES;
				CLANG_WARN__DUPLICATE_METHOD_MATCH = YES;
				CODE_SIGN_IDENTITY = "iPhone Developer";
				COPY_PHASE_STRIP = NO;
				DEBUG_INFORMATION_FORMAT = "dwarf-with-dsym";
				ENABLE_NS_ASSERTIONS = NO;
				ENABLE_STRICT_OBJC_MSGSEND = YES;
				GCC_C_LANGUAGE_STANDARD = gnu11;
				GCC_NO_COMMON_BLOCKS = YES;
				GCC_WARN_64_TO_32_BIT_CONVERSION = YES;
				GCC_WARN_ABOUT_RETURN_TYPE = YES_ERROR;
				GCC_WARN_UNDECLARED_SELECTOR = YES;
				GCC_WARN_UNINITIALIZED_AUTOS = YES_AGGRESSIVE;
				GCC_WARN_UNUSED_FUNCTION = YES;
				GCC_WARN_UNUSED_VARIABLE = YES;
				IPHONEOS_DEPLOYMENT_TARGET = 11.2;
				MTL_ENABLE_DEBUG_INFO = NO;
				SDKROOT = iphoneos;
				SWIFT_OPTIMIZATION_LEVEL = "-Owholemodule";
				VALIDATE_PRODUCT = YES;
			};
			name = Release;
		};
		382F84111FF2222F00BA363E /* Debug */ = {
			isa = XCBuildConfiguration;
			buildSettings = {
				ASSETCATALOG_COMPILER_APPICON_NAME = AppIcon;
				CODE_SIGN_STYLE = Automatic;
				FRAMEWORK_SEARCH_PATHS = (
					"$(inherited)",
					"$(PROJECT_DIR)/Carthage/Build/iOS",
				);
				INFOPLIST_FILE = "Unnamed-New-Project/Info.plist";
				LD_RUNPATH_SEARCH_PATHS = "$(inherited) @executable_path/Frameworks";
				PRODUCT_BUNDLE_IDENTIFIER = "com.aanyajhaveri.Unnamed-New-Project";
				PRODUCT_NAME = "$(TARGET_NAME)";
				SWIFT_SWIFT3_OBJC_INFERENCE = Default;
				SWIFT_VERSION = 4.0;
				TARGETED_DEVICE_FAMILY = "1,2";
			};
			name = Debug;
		};
		382F84121FF2222F00BA363E /* Release */ = {
			isa = XCBuildConfiguration;
			buildSettings = {
				ASSETCATALOG_COMPILER_APPICON_NAME = AppIcon;
				CODE_SIGN_STYLE = Automatic;
				FRAMEWORK_SEARCH_PATHS = (
					"$(inherited)",
					"$(PROJECT_DIR)/Carthage/Build/iOS",
				);
				INFOPLIST_FILE = "Unnamed-New-Project/Info.plist";
				LD_RUNPATH_SEARCH_PATHS = "$(inherited) @executable_path/Frameworks";
				PRODUCT_BUNDLE_IDENTIFIER = "com.aanyajhaveri.Unnamed-New-Project";
				PRODUCT_NAME = "$(TARGET_NAME)";
				SWIFT_SWIFT3_OBJC_INFERENCE = Default;
				SWIFT_VERSION = 4.0;
				TARGETED_DEVICE_FAMILY = "1,2";
			};
			name = Release;
		};
		382F84141FF2222F00BA363E /* Debug */ = {
			isa = XCBuildConfiguration;
			buildSettings = {
				ALWAYS_EMBED_SWIFT_STANDARD_LIBRARIES = YES;
				BUNDLE_LOADER = "$(TEST_HOST)";
				CODE_SIGN_STYLE = Automatic;
				INFOPLIST_FILE = "Unnamed-New-ProjectTests/Info.plist";
				LD_RUNPATH_SEARCH_PATHS = "$(inherited) @executable_path/Frameworks @loader_path/Frameworks";
				PRODUCT_BUNDLE_IDENTIFIER = "com.aanyajhaveri.Unnamed-New-ProjectTests";
				PRODUCT_NAME = "$(TARGET_NAME)";
				SWIFT_VERSION = 4.0;
				TARGETED_DEVICE_FAMILY = "1,2";
				TEST_HOST = "$(BUILT_PRODUCTS_DIR)/Unnamed-New-Project.app/Unnamed-New-Project";
			};
			name = Debug;
		};
		382F84151FF2222F00BA363E /* Release */ = {
			isa = XCBuildConfiguration;
			buildSettings = {
				ALWAYS_EMBED_SWIFT_STANDARD_LIBRARIES = YES;
				BUNDLE_LOADER = "$(TEST_HOST)";
				CODE_SIGN_STYLE = Automatic;
				INFOPLIST_FILE = "Unnamed-New-ProjectTests/Info.plist";
				LD_RUNPATH_SEARCH_PATHS = "$(inherited) @executable_path/Frameworks @loader_path/Frameworks";
				PRODUCT_BUNDLE_IDENTIFIER = "com.aanyajhaveri.Unnamed-New-ProjectTests";
				PRODUCT_NAME = "$(TARGET_NAME)";
				SWIFT_VERSION = 4.0;
				TARGETED_DEVICE_FAMILY = "1,2";
				TEST_HOST = "$(BUILT_PRODUCTS_DIR)/Unnamed-New-Project.app/Unnamed-New-Project";
			};
			name = Release;
		};
/* End XCBuildConfiguration section */

/* Begin XCConfigurationList section */
		382F83EE1FF2222F00BA363E /* Build configuration list for PBXProject "Unnamed-New-Project" */ = {
			isa = XCConfigurationList;
			buildConfigurations = (
				382F840E1FF2222F00BA363E /* Debug */,
				382F840F1FF2222F00BA363E /* Release */,
			);
			defaultConfigurationIsVisible = 0;
			defaultConfigurationName = Release;
		};
		382F84101FF2222F00BA363E /* Build configuration list for PBXNativeTarget "Unnamed-New-Project" */ = {
			isa = XCConfigurationList;
			buildConfigurations = (
				382F84111FF2222F00BA363E /* Debug */,
				382F84121FF2222F00BA363E /* Release */,
			);
			defaultConfigurationIsVisible = 0;
			defaultConfigurationName = Release;
		};
		382F84131FF2222F00BA363E /* Build configuration list for PBXNativeTarget "Unnamed-New-ProjectTests" */ = {
			isa = XCConfigurationList;
			buildConfigurations = (
				382F84141FF2222F00BA363E /* Debug */,
				382F84151FF2222F00BA363E /* Release */,
			);
			defaultConfigurationIsVisible = 0;
			defaultConfigurationName = Release;
		};
/* End XCConfigurationList section */
	};
	rootObject = 382F83EB1FF2222F00BA363E /* Project object */;
}
